{
  "originHash" : "ecca88f6219bb82598090cba8e4fc2760f275f3b687110361c8d787c7493a9aa",
  "pins" : [
    {
      "identity" : "nuke",
      "kind" : "remoteSourceControl",
      "location" : "https://github.com/kean/Nuke.git",
      "state" : {
        "revision" : "0ead44350d2737db384908569c012fe67c421e4d",
        "version" : "12.8.0"
      }
    },
    {
      "identity" : "sparkle",
      "kind" : "remoteSourceControl",
      "location" : "https://github.com/sparkle-project/Sparkle.git",
      "state" : {
        "revision" : "066e75a8b3e99962685d6a90cdd5293ebffd9261",
        "version" : "2.9.1"
      }
    },
    {
      "identity" : "swift-sqlcipher",
      "kind" : "remoteSourceControl",
      "location" : "https://github.com/skiptools/swift-sqlcipher.git",
      "state" : {
        "revision" : "d21dbf081fdb31576e5122f9f56e3b0505ec419d",
        "version" : "1.8.0"
      }
    }
  ],
  "version" : 3
}
